
Microsoft Visual Studio Solution File, Format Version 12.00
# Visual Studio Version 17
VisualStudioVersion = 17.14.36121.58 d17.14
MinimumVisualStudioVersion = 10.0.40219.1
Project("{FAE04EC0-301F-11D3-BF4B-00C04F79EFBC}") = "huongntt65131234_BaiTap0", "huongntt65131234_BaiTap0.csproj", "{7F7F8A08-3C0E-4706-BC89-70FDBCF8AB39}"
EndProject
Global
	GlobalSection(SolutionConfigurationPlatforms) = preSolution
		Debug|Any CPU = Debug|Any CPU
		Release|Any CPU = Release|Any CPU
	EndGlobalSection
	GlobalSection(ProjectConfigurationPlatforms) = postSolution
		{7F7F8A08-3C0E-4706-BC89-70FDBCF8AB39}.Debug|Any CPU.ActiveCfg = Debug|Any CPU
		{7F7F8A08-3C0E-4706-BC89-70FDBCF8AB39}.Debug|Any CPU.Build.0 = Debug|Any CPU
		{7F7F8A08-3C0E-4706-BC89-70FDBCF8AB39}.Release|Any CPU.ActiveCfg = Release|Any CPU
		{7F7F8A08-3C0E-4706-BC89-70FDBCF8AB39}.Release|Any CPU.Build.0 = Release|Any CPU
	EndGlobalSection
	GlobalSection(SolutionProperties) = preSolution
		HideSolutionNode = FALSE
	EndGlobalSection
	GlobalSection(ExtensibilityGlobals) = postSolution
		SolutionGuid = {EDAAFAD2-FACA-4F64-AD94-4C4FE3A15037}
	EndGlobalSection
EndGlobal
